{
    "version": 3,
    "terraform_version": "0.12.29",
    "serial": 1,
    "lineage": "19a7f403-3bc0-a556-ba74-f7919385c7da",
    "kind": "aws-alb-tftstate",
    "modules": [
        {
            "path": [
                "root"
            ],
            "outputs": {
                "aws_lb_listener_rule_tfer--arn-003A-aws-003A-elasticloadbalancing-003A-us-002D-east-002D-1-003A-account-003A-listener-002D-rule-002F-app-002F-3eb4d456-002D-bakir-002D-controllerm-002D-ee8f-002F-092d31cce13c04a5-002F-4ca7b0e18225801f-002F-a19d5a139e5b53fa_id": {
                    "sensitive": false,
                    "type": "string",
                    "value": "arn:aws:elasticloadbalancing:us-east-1:account:listener-rule/app/3eb4d456-bakir-controllerm-ee8f/092d31cce13c04a5/4ca7b0e18225801f/a19d5a139e5b53fa"
                }
            },
            "resources": {
                "aws_lb.tfer--3eb4d456-002D-bakir-002D-controllerm-002D-ee8f": {
                    "type": "aws_lb",
                    "depends_on": [],
                    "primary": {
                        "id": "arn:aws:elasticloadbalancing:us-east-1:account:loadbalancer/app/3eb4d456-bakir-controllerm-ee8f/092d31cce13c04a5",
                        "attributes": {
                            "access_logs.#": "1",
                            "access_logs.0.bucket": "",
                            "access_logs.0.enabled": "false",
                            "access_logs.0.prefix": "",
                            "arn": "arn:aws:elasticloadbalancing:us-east-1:account:loadbalancer/app/3eb4d456-bakir-controllerm-ee8f/092d31cce13c04a5",
                            "arn_suffix": "app/3eb4d456-bakir-controllerm-ee8f/092d31cce13c04a5",
                            "customer_owned_ipv4_pool": "",
                            "dns_name": "3eb4d456-bakir-controllerm-ee8f-1071797582.us-east-1.elb.amazonaws.com",
                            "drop_invalid_header_fields": "false",
                            "enable_deletion_protection": "false",
                            "enable_http2": "true",
                            "id": "arn:aws:elasticloadbalancing:us-east-1:account:loadbalancer/app/3eb4d456-bakir-controllerm-ee8f/092d31cce13c04a5",
                            "idle_timeout": "60",
                            "internal": "false",
                            "ip_address_type": "ipv4",
                            "load_balancer_type": "application",
                            "name": "3eb4d456-bakir-controllerm-ee8f",
                            "security_groups.#": "1",
                            "security_groups.0": "sg-xxxx",
                            "subnet_mapping.#": "3",
                            "subnet_mapping.0.allocation_id": "",
                            "subnet_mapping.0.outpost_id": "",
                            "subnet_mapping.0.private_ipv4_address": "",
                            "subnet_mapping.0.subnet_id": "subnet-xxxx",
                            "subnet_mapping.1.allocation_id": "",
                            "subnet_mapping.1.outpost_id": "",
                            "subnet_mapping.1.private_ipv4_address": "",
                            "subnet_mapping.1.subnet_id": "subnet-yyyy",
                            "subnet_mapping.2.allocation_id": "",
                            "subnet_mapping.2.outpost_id": "",
                            "subnet_mapping.2.private_ipv4_address": "",
                            "subnet_mapping.2.subnet_id": "subnet-zzzz",
                            "subnets.#": "3",
                            "subnets.0": "subnet-xxxx",
                            "subnets.1": "subnet-yyyy",
                            "subnets.2": "subnet-zzzz",
                            "tags.%": "6",
                            "tags.ingress.k8s.aws/cluster": "k8s-r8",
                            "tags.ingress.k8s.aws/resource": "LoadBalancer",
                            "tags.ingress.k8s.aws/stack": "bakir/controller-manager-api-ingress",
                            "tags.kubernetes.io/cluster/k8s-r8": "owned",
                            "tags.kubernetes.io/ingress-name": "controller-manager-api-ingress",
                            "tags.kubernetes.io/namespace": "bakir",
                            "vpc_id": "vpc-xxxx",
                            "zone_id": "Z35SXDOTRQ7X7K"
                        },
                        "meta": {
                            "schema_version": 0
                        },
                        "tainted": false
                    },
                    "deposed": [],
                    "provider": "provider.aws"
                },
                "aws_lb_target_group_attachment.tfer--arn-003A-aws-003A-elasticloadbalancing-003A-us-002D-east-002D-1-003A-account-003A-targetgroup-002F-husei-002D-Persi-002D-AGNWKU6RXLUI-002F-3a4f133b8fe59ad3-002D-20201130093148245700000034": {
                    "type": "aws_lb_target_group_attachment",
                    "depends_on": [],
                    "primary": {
                        "id": "arn:aws:elasticloadbalancing:us-east-1:account:targetgroup/husei-Persi-AGNWKU6RXLUI/3a4f133b8fe59ad3-20201130093148245700000034",
                        "attributes": {
                            "id": "arn:aws:elasticloadbalancing:us-east-1:account:targetgroup/husei-Persi-AGNWKU6RXLUI/3a4f133b8fe59ad3-20201130093148245700000034",
                            "target_group_arn": "arn:aws:elasticloadbalancing:us-east-1:account:targetgroup/husei-Persi-AGNWKU6RXLUI/3a4f133b8fe59ad3",
                            "target_id": "arn:aws:lambda:us-east-1:account:function:husein_persist_parser_structs"
                        },
                        "meta": {
                            "schema_version": 0
                        },
                        "tainted": false
                    },
                    "deposed": [],
                    "provider": "provider.aws"
                }
            },
            "depends_on": []
        }
    ]
}
