{
    "version": 3,
    "terraform_version": "0.12.29",
    "serial": 1,
    "lineage": "19a7f403-3bc0-a556-ba74-f7919385c7da",
    "modules": [
        {
            "path": [
                "root"
            ],
            "outputs": {
                "aws_lb_listener_rule_tfer--arn-003A-aws-003A-elasticloadbalancing-003A-us-002D-east-002D-1-003A-account-003A-listener-002D-rule-002F-app-002F-3eb4d456-002D-bakir-002D-controllerm-002D-ee8f-002F-092d31cce13c04a5-002F-4ca7b0e18225801f-002F-a19d5a139e5b53fa_id": {
                    "sensitive": false,
                    "type": "string",
                    "value": "arn:aws:elasticloadbalancing:us-east-1:account:listener-rule/app/3eb4d456-bakir-controllerm-ee8f/092d31cce13c04a5/4ca7b0e18225801f/a19d5a139e5b53fa"
                }
            },
            "resources": {
                "aws_lb.tfer--3eb4d456-002D-bakir-002D-controllerm-002D-ee8f": {
                    "type": "aws_lb",
                    "depends_on": [],
                    "primary": {
                        "id": "arn:aws:elasticloadbalancing:us-east-1:account:loadbalancer/app/3eb4d456-bakir-controllerm-ee8f/092d31cce13c04a5",
                        "attributes": {
                            "access_logs.#": "1",
                            "access_logs.0.bucket": "",
                            "access_logs.0.enabled": "false",
                            "access_logs.0.prefix": "",
                            "arn": "arn:aws:elasticloadbalancing:us-east-1:account:loadbalancer/app/3eb4d456-bakir-controllerm-ee8f/092d31cce13c04a5",
                            "arn_suffix": "app/3eb4d456-bakir-controllerm-ee8f/092d31cce13c04a5",
                            "customer_owned_ipv4_pool": "",
                            "dns_name": "3eb4d456-bakir-controllerm-ee8f-1071797582.us-east-1.elb.amazonaws.com",
                            "drop_invalid_header_fields": "false",
                            "enable_deletion_protection": "false",
                            "enable_http2": "true",
                            "id": "arn:aws:elasticloadbalancing:us-east-1:account:loadbalancer/app/3eb4d456-bakir-controllerm-ee8f/092d31cce13c04a5",
                            "idle_timeout": "60",
                            "internal": "false",
                            "ip_address_type": "ipv4",
                            "load_balancer_type": "application",
                            "name": "3eb4d456-bakir-controllerm-ee8f",
                            "security_groups.#": "1",
                            "security_groups.0": "sg-xxxx",
                            "subnet_mapping.#": "3",
                            "subnet_mapping.0.allocation_id": "",
                            "subnet_mapping.0.outpost_id": "",
                            "subnet_mapping.0.private_ipv4_address": "",
                            "subnet_mapping.0.subnet_id": "subnet-xxxx",
                            "subnet_mapping.1.allocation_id": "",
                            "subnet_mapping.1.outpost_id": "",
                            "subnet_mapping.1.private_ipv4_address": "",
                            "subnet_mapping.1.subnet_id": "subnet-yyyy",
                            "subnet_mapping.2.allocation_id": "",
                            "subnet_mapping.2.outpost_id": "",
                            "subnet_mapping.2.private_ipv4_address": "",
                            "subnet_mapping.2.subnet_id": "subnet-zzzz",
                            "subnets.#": "3",
                            "subnets.0": "subnet-xxxx",
                            "subnets.1": "subnet-yyyy",
                            "subnets.2": "subnet-zzzz",
                            "tags.%": "6",
                            "tags.ingress.k8s.aws/cluster": "k8s-r8",
                            "tags.ingress.k8s.aws/resource": "LoadBalancer",
                            "tags.ingress.k8s.aws/stack": "bakir/controller-manager-api-ingress",
                            "tags.kubernetes.io/cluster/k8s-r8": "owned",
                            "tags.kubernetes.io/ingress-name": "controller-manager-api-ingress",
                            "tags.kubernetes.io/namespace": "bakir",
                            "vpc_id": "vpc-xxxx",
                            "zone_id": "Z35SXDOTRQ7X7K"
                        },
                        "meta": {
                            "schema_version": 0
                        },
                        "tainted": false
                    },
                    "deposed": [],
                    "provider": "provider.aws"
                },
                "aws_lb_listener.tfer--arn-003A-aws-003A-elasticloadbalancing-003A-us-002D-east-002D-1-003A-account-003A-listener-002F-app-002F-3eb4d456-002D-bakir-002D-controllerm-002D-ee8f-002F-092d31cce": {
                    "type": "aws_lb_listener",
                    "depends_on": [],
                    "primary": {
                        "id": "arn:aws:elasticloadbalancing:us-east-1:account:listener/app/3eb4d456-bakir-controllerm-ee8f/092d31cce13c04a5/4ca7b0e18225801f",
                        "attributes": {
                            "arn": "arn:aws:elasticloadbalancing:us-east-1:account:listener/app/3eb4d456-bakir-controllerm-ee8f/092d31cce13c04a5/4ca7b0e18225801f",
                            "default_action.#": "1",
                            "default_action.0.authenticate_cognito.#": "0",
                            "default_action.0.authenticate_oidc.#": "0",
                            "default_action.0.fixed_response.#": "1",
                            "default_action.0.fixed_response.0.content_type": "text/plain",
                            "default_action.0.fixed_response.0.message_body": "",
                            "default_action.0.fixed_response.0.status_code": "404",
                            "default_action.0.forward.#": "0",
                            "default_action.0.order": "1",
                            "default_action.0.redirect.#": "0",
                            "default_action.0.target_group_arn": "",
                            "default_action.0.type": "fixed-response",
                            "id": "arn:aws:elasticloadbalancing:us-east-1:account:listener/app/3eb4d456-bakir-controllerm-ee8f/092d31cce13c04a5/4ca7b0e18225801f",
                            "load_balancer_arn": "arn:aws:elasticloadbalancing:us-east-1:account:loadbalancer/app/3eb4d456-bakir-controllerm-ee8f/092d31cce13c04a5",
                            "port": "80",
                            "protocol": "HTTP",
                            "ssl_policy": ""
                        },
                        "meta": {
                            "schema_version": 0
                        },
                        "tainted": false
                    },
                    "deposed": [],
                    "provider": "provider.aws"
                },
                "aws_lb_listener_rule.tfer--arn-003A-aws-003A-elasticloadbalancing-003A-us-002D-east-002D-1-003A-account-003A-listener-002D-rule-002F-app-002F-dev-002D-dtk-002D-graph-002D-01-002F-1d4508e95": {
                    "type": "aws_lb_listener_rule",
                    "depends_on": [],
                    "primary": {
                        "id": "arn:aws:elasticloadbalancing:us-east-1:account:listener-rule/app/dev-dtk-graph-01/1d4508e953f97856/ef8185831da6d458/073ea66535a224cb",
                        "attributes": {
                            "action.#": "1",
                            "action.0.authenticate_cognito.#": "0",
                            "action.0.authenticate_oidc.#": "0",
                            "action.0.fixed_response.#": "0",
                            "action.0.forward.#": "0",
                            "action.0.order": "0",
                            "action.0.redirect.#": "0",
                            "action.0.target_group_arn": "arn:aws:elasticloadbalancing:us-east-1:account:targetgroup/bakir-Persi-12E2AJATC2405/eff3948deafa7133",
                            "action.0.type": "forward",
                            "arn": "arn:aws:elasticloadbalancing:us-east-1:account:listener-rule/app/dev-dtk-graph-01/1d4508e953f97856/ef8185831da6d458/073ea66535a224cb",
                            "condition.#": "1",
                            "condition.0.host_header.#": "0",
                            "condition.0.http_header.#": "0",
                            "condition.0.http_request_method.#": "0",
                            "condition.0.path_pattern.#": "1",
                            "condition.0.path_pattern.0.values.#": "1",
                            "condition.0.path_pattern.0.values.0": "/bakir/develop/persist_parser_output",
                            "condition.0.query_string.#": "0",
                            "condition.0.source_ip.#": "0",
                            "id": "arn:aws:elasticloadbalancing:us-east-1:account:listener-rule/app/dev-dtk-graph-01/1d4508e953f97856/ef8185831da6d458/073ea66535a224cb",
                            "listener_arn": "arn:aws:elasticloadbalancing:us-east-1:account:listener/app/dev-dtk-graph-01/1d4508e953f97856/ef8185831da6d458",
                            "priority": "49731"
                        },
                        "meta": {
                            "schema_version": 0
                        },
                        "tainted": false
                    },
                    "deposed": [],
                    "provider": "provider.aws"
                },
                "aws_lb_target_group.tfer--3eb4d456-002D-e21110a69ff7e04aa25": {
                    "type": "aws_lb_target_group",
                    "depends_on": [],
                    "primary": {
                        "id": "arn:aws:elasticloadbalancing:us-east-1:account:targetgroup/3eb4d456-e21110a69ff7e04aa25/3b2d57bde53da307",
                        "attributes": {
                            "arn": "arn:aws:elasticloadbalancing:us-east-1:account:targetgroup/3eb4d456-e21110a69ff7e04aa25/3b2d57bde53da307",
                            "arn_suffix": "targetgroup/3eb4d456-e21110a69ff7e04aa25/3b2d57bde53da307",
                            "deregistration_delay": "300",
                            "health_check.#": "1",
                            "health_check.0.enabled": "true",
                            "health_check.0.healthy_threshold": "2",
                            "health_check.0.interval": "15",
                            "health_check.0.matcher": "200",
                            "health_check.0.path": "/",
                            "health_check.0.port": "traffic-port",
                            "health_check.0.protocol": "HTTP",
                            "health_check.0.timeout": "5",
                            "health_check.0.unhealthy_threshold": "2",
                            "id": "arn:aws:elasticloadbalancing:us-east-1:account:targetgroup/3eb4d456-e21110a69ff7e04aa25/3b2d57bde53da307",
                            "load_balancing_algorithm_type": "round_robin",
                            "name": "3eb4d456-e21110a69ff7e04aa25",
                            "port": "1",
                            "protocol": "HTTP",
                            "slow_start": "0",
                            "stickiness.#": "1",
                            "stickiness.0.cookie_duration": "86400",
                            "stickiness.0.enabled": "false",
                            "stickiness.0.type": "lb_cookie",
                            "tags.%": "8",
                            "tags.ingress.k8s.aws/cluster": "k8s-r8",
                            "tags.ingress.k8s.aws/resource": "bakir/rich-test-controller-manager-api:4567",
                            "tags.ingress.k8s.aws/stack": "bakir/rich-test",
                            "tags.kubernetes.io/cluster/k8s-r8": "owned",
                            "tags.kubernetes.io/ingress-name": "rich-test",
                            "tags.kubernetes.io/namespace": "bakir",
                            "tags.kubernetes.io/service-name": "controller-manager-api",
                            "tags.kubernetes.io/service-port": "4567",
                            "target_type": "ip",
                            "vpc_id": "vpc-d9946ba0"
                        },
                        "meta": {
                            "schema_version": 0
                        },
                        "tainted": false
                    },
                    "deposed": [],
                    "provider": "provider.aws"
                },
                "aws_lb_target_group_attachment.tfer--arn-003A-aws-003A-elasticloadbalancing-003A-us-002D-east-002D-1-003A-account-003A-targetgroup-002F-husei-002D-Persi-002D-AGNWKU6RXLUI-002F-3a4f133b8fe59ad3-002D-20201130093148245700000034": {
                    "type": "aws_lb_target_group_attachment",
                    "depends_on": [],
                    "primary": {
                        "id": "arn:aws:elasticloadbalancing:us-east-1:account:targetgroup/husei-Persi-AGNWKU6RXLUI/3a4f133b8fe59ad3-20201130093148245700000034",
                        "attributes": {
                            "id": "arn:aws:elasticloadbalancing:us-east-1:account:targetgroup/husei-Persi-AGNWKU6RXLUI/3a4f133b8fe59ad3-20201130093148245700000034",
                            "target_group_arn": "arn:aws:elasticloadbalancing:us-east-1:account:targetgroup/husei-Persi-AGNWKU6RXLUI/3a4f133b8fe59ad3",
                            "target_id": "arn:aws:lambda:us-east-1:account:function:husein_persist_parser_structs"
                        },
                        "meta": {
                            "schema_version": 0
                        },
                        "tainted": false
                    },
                    "deposed": [],
                    "provider": "provider.aws"
                }
            },
            "depends_on": []
        }
    ]
}
